// !$*UTF8*$!
{
	archiveVersion = 1;
	classes = {
	};
	objectVersion = 46;
	objects = {

/* Begin PBXBuildFile section */
		2808545914B96208004128E1 /* Boule.png in Resources */ = {isa = PBXBuildFile; fileRef = 2808545814B96208004128E1 /* Boule.png */; };
		282FD37914B8E9BB002195D4 /* UIKit.framework in Frameworks */ = {isa = PBXBuildFile; fileRef = 282FD37814B8E9BB002195D4 /* UIKit.framework */; };
		282FD37B14B8E9BB002195D4 /* Foundation.framework in Frameworks */ = {isa = PBXBuildFile; fileRef = 282FD37A14B8E9BB002195D4 /* Foundation.framework */; };
		282FD37D14B8E9BB002195D4 /* CoreGraphics.framework in Frameworks */ = {isa = PBXBuildFile; fileRef = 282FD37C14B8E9BB002195D4 /* CoreGraphics.framework */; };
		282FD37F14B8E9BB002195D4 /* CoreData.framework in Frameworks */ = {isa = PBXBuildFile; fileRef = 282FD37E14B8E9BB002195D4 /* CoreData.framework */; };
		282FD38514B8E9BB002195D4 /* InfoPlist.strings in Resources */ = {isa = PBXBuildFile; fileRef = 282FD38314B8E9BB002195D4 /* InfoPlist.strings */; };
		282FD38714B8E9BB002195D4 /* main.m in Sources */ = {isa = PBXBuildFile; fileRef = 282FD38614B8E9BB002195D4 /* main.m */; };
		282FD38B14B8E9BB002195D4 /* AppDelegate.m in Sources */ = {isa = PBXBuildFile; fileRef = 282FD38A14B8E9BB002195D4 /* AppDelegate.m */; };
		282FD38E14B8E9BB002195D4 /* Boule2.xcdatamodeld in Sources */ = {isa = PBXBuildFile; fileRef = 282FD38C14B8E9BB002195D4 /* Boule2.xcdatamodeld */; };
		282FD39B14B8E9F5002195D4 /* GameController.m in Sources */ = {isa = PBXBuildFile; fileRef = 282FD39914B8E9F5002195D4 /* GameController.m */; };
		282FD39F14B8EC4E002195D4 /* boule_logo@2x.png in Resources */ = {isa = PBXBuildFile; fileRef = 282FD39E14B8EC4E002195D4 /* boule_logo@2x.png */; };
		282FD3A114B8EC56002195D4 /* boule_logo.png in Resources */ = {isa = PBXBuildFile; fileRef = 282FD3A014B8EC56002195D4 /* boule_logo.png */; };
		282FD3A314B8EC5C002195D4 /* Default@2x.png in Resources */ = {isa = PBXBuildFile; fileRef = 282FD3A214B8EC5C002195D4 /* Default@2x.png */; };
		282FD3A514B8EC5E002195D4 /* Default.png in Resources */ = {isa = PBXBuildFile; fileRef = 282FD3A414B8EC5E002195D4 /* Default.png */; };
		284D567A14C20B5700B76398 /* NavigationController.m in Sources */ = {isa = PBXBuildFile; fileRef = 284D567914C20B5700B76398 /* NavigationController.m */; };
		284D568114C306BB00B76398 /* Restart.png in Resources */ = {isa = PBXBuildFile; fileRef = 284D568014C306BB00B76398 /* Restart.png */; };
		284D568C14C3288E00B76398 /* Localizable.strings in Resources */ = {isa = PBXBuildFile; fileRef = 284D568E14C3288E00B76398 /* Localizable.strings */; };
		2855F1DE14C33A790063CC4F /* RootViewController.xib in Resources */ = {isa = PBXBuildFile; fileRef = 2855F1DF14C33A790063CC4F /* RootViewController.xib */; };
		2855F1E614C34C900063CC4F /* green-circle-empty.gif in Resources */ = {isa = PBXBuildFile; fileRef = 2855F1E514C34C900063CC4F /* green-circle-empty.gif */; };
		2855F1EA14C3513E0063CC4F /* green.png in Resources */ = {isa = PBXBuildFile; fileRef = 2855F1E714C3513E0063CC4F /* green.png */; };
		2855F1EB14C3513E0063CC4F /* orange.png in Resources */ = {isa = PBXBuildFile; fileRef = 2855F1E814C3513E0063CC4F /* orange.png */; };
		2855F1EC14C3513E0063CC4F /* red.png in Resources */ = {isa = PBXBuildFile; fileRef = 2855F1E914C3513E0063CC4F /* red.png */; };
		2855F1ED14C353560063CC4F /* GameController.xib in Resources */ = {isa = PBXBuildFile; fileRef = 2855F1EE14C353560063CC4F /* GameController.xib */; };
		285BEABD14C1F10E00DCF158 /* RootViewController.m in Sources */ = {isa = PBXBuildFile; fileRef = 285BEABC14C1F10E00DCF158 /* RootViewController.m */; };
		28EF388414B9391A00881B01 /* Ring.m in Sources */ = {isa = PBXBuildFile; fileRef = 28EF388314B9391A00881B01 /* Ring.m */; };
		92B7F57F157D4A9E0085F5AE /* LevelOptions.m in Sources */ = {isa = PBXBuildFile; fileRef = 92B7F57E157D4A9E0085F5AE /* LevelOptions.m */; };
		92BC7FA9157B78360087A0C5 /* GameKit.framework in Frameworks */ = {isa = PBXBuildFile; fileRef = 92BC7FA8157B78360087A0C5 /* GameKit.framework */; };
		92C4E0E8157BC673001E661E /* GameCenterManager.m in Sources */ = {isa = PBXBuildFile; fileRef = 92C4E0E7157BC673001E661E /* GameCenterManager.m */; };
		92C9813815399AC1007AD445 /* Pause-Green-Button-icon.png in Resources */ = {isa = PBXBuildFile; fileRef = 92C9813715399AC1007AD445 /* Pause-Green-Button-icon.png */; };
		92C9813B1539CB32007AD445 /* Level.m in Sources */ = {isa = PBXBuildFile; fileRef = 92C9813A1539CB32007AD445 /* Level.m */; };
		92F0E739153976C300AE13BF /* Default-Landscape@2x~ipad.png in Resources */ = {isa = PBXBuildFile; fileRef = 92F0E738153976C300AE13BF /* Default-Landscape@2x~ipad.png */; };
/* End PBXBuildFile section */

/* Begin PBXFileReference section */
		2808545814B96208004128E1 /* Boule.png */ = {isa = PBXFileReference; lastKnownFileType = image.png; path = Boule.png; sourceTree = "<group>"; };
		282FD37414B8E9BB002195D4 /* Boule2.app */ = {isa = PBXFileReference; explicitFileType = wrapper.application; includeInIndex = 0; path = Boule2.app; sourceTree = BUILT_PRODUCTS_DIR; };
		282FD37814B8E9BB002195D4 /* UIKit.framework */ = {isa = PBXFileReference; lastKnownFileType = wrapper.framework; name = UIKit.framework; path = System/Library/Frameworks/UIKit.framework; sourceTree = SDKROOT; };
		282FD37A14B8E9BB002195D4 /* Foundation.framework */ = {isa = PBXFileReference; lastKnownFileType = wrapper.framework; name = Foundation.framework; path = System/Library/Frameworks/Foundation.framework; sourceTree = SDKROOT; };
		282FD37C14B8E9BB002195D4 /* CoreGraphics.framework */ = {isa = PBXFileReference; lastKnownFileType = wrapper.framework; name = CoreGraphics.framework; path = System/Library/Frameworks/CoreGraphics.framework; sourceTree = SDKROOT; };
		282FD37E14B8E9BB002195D4 /* CoreData.framework */ = {isa = PBXFileReference; lastKnownFileType = wrapper.framework; name = CoreData.framework; path = System/Library/Frameworks/CoreData.framework; sourceTree = SDKROOT; };
		282FD38214B8E9BB002195D4 /* Boule2-Info.plist */ = {isa = PBXFileReference; lastKnownFileType = text.plist.xml; path = "Boule2-Info.plist"; sourceTree = "<group>"; };
		282FD38414B8E9BB002195D4 /* en */ = {isa = PBXFileReference; lastKnownFileType = text.plist.strings; name = en; path = en.lproj/InfoPlist.strings; sourceTree = "<group>"; };
		282FD38614B8E9BB002195D4 /* main.m */ = {isa = PBXFileReference; lastKnownFileType = sourcecode.c.objc; lineEnding = 0; path = main.m; sourceTree = "<group>"; xcLanguageSpecificationIdentifier = xcode.lang.objc; };
		282FD38814B8E9BB002195D4 /* Boule2-Prefix.pch */ = {isa = PBXFileReference; lastKnownFileType = sourcecode.c.h; path = "Boule2-Prefix.pch"; sourceTree = "<group>"; };
		282FD38914B8E9BB002195D4 /* AppDelegate.h */ = {isa = PBXFileReference; lastKnownFileType = sourcecode.c.h; lineEnding = 0; path = AppDelegate.h; sourceTree = "<group>"; xcLanguageSpecificationIdentifier = xcode.lang.objcpp; };
		282FD38A14B8E9BB002195D4 /* AppDelegate.m */ = {isa = PBXFileReference; lastKnownFileType = sourcecode.c.objc; lineEnding = 0; path = AppDelegate.m; sourceTree = "<group>"; xcLanguageSpecificationIdentifier = xcode.lang.objc; };
		282FD38D14B8E9BB002195D4 /* Boule2.xcdatamodel */ = {isa = PBXFileReference; lastKnownFileType = wrapper.xcdatamodel; path = Boule2.xcdatamodel; sourceTree = "<group>"; };
		282FD39814B8E9F5002195D4 /* GameController.h */ = {isa = PBXFileReference; fileEncoding = 4; lastKnownFileType = sourcecode.c.h; lineEnding = 0; path = GameController.h; sourceTree = "<group>"; xcLanguageSpecificationIdentifier = xcode.lang.objcpp; };
		282FD39914B8E9F5002195D4 /* GameController.m */ = {isa = PBXFileReference; fileEncoding = 4; lastKnownFileType = sourcecode.c.objc; lineEnding = 0; path = GameController.m; sourceTree = "<group>"; xcLanguageSpecificationIdentifier = xcode.lang.objc; };
		282FD39E14B8EC4E002195D4 /* boule_logo@2x.png */ = {isa = PBXFileReference; lastKnownFileType = image.png; path = "boule_logo@2x.png"; sourceTree = "<group>"; };
		282FD3A014B8EC56002195D4 /* boule_logo.png */ = {isa = PBXFileReference; lastKnownFileType = image.png; path = boule_logo.png; sourceTree = "<group>"; };
		282FD3A214B8EC5C002195D4 /* Default@2x.png */ = {isa = PBXFileReference; lastKnownFileType = image.png; path = "Default@2x.png"; sourceTree = "<group>"; };
		282FD3A414B8EC5E002195D4 /* Default.png */ = {isa = PBXFileReference; lastKnownFileType = image.png; path = Default.png; sourceTree = "<group>"; };
		284D567814C20B5700B76398 /* NavigationController.h */ = {isa = PBXFileReference; fileEncoding = 4; lastKnownFileType = sourcecode.c.h; lineEnding = 0; path = NavigationController.h; sourceTree = "<group>"; xcLanguageSpecificationIdentifier = xcode.lang.objcpp; };
		284D567914C20B5700B76398 /* NavigationController.m */ = {isa = PBXFileReference; fileEncoding = 4; lastKnownFileType = sourcecode.c.objc; path = NavigationController.m; sourceTree = "<group>"; };
		284D568014C306BB00B76398 /* Restart.png */ = {isa = PBXFileReference; lastKnownFileType = image.png; path = Restart.png; sourceTree = "<group>"; };
		284D568D14C3288E00B76398 /* en */ = {isa = PBXFileReference; lastKnownFileType = text.plist.strings; lineEnding = 0; name = en; path = en.lproj/Localizable.strings; sourceTree = "<group>"; xcLanguageSpecificationIdentifier = xcode.lang.simpleColoring; };
		284D568F14C3290600B76398 /* fr */ = {isa = PBXFileReference; lastKnownFileType = text.plist.strings; lineEnding = 0; name = fr; path = fr.lproj/Localizable.strings; sourceTree = "<group>"; xcLanguageSpecificationIdentifier = xcode.lang.simpleColoring; };
		2855F1DF14C33A790063CC4F /* RootViewController.xib */ = {isa = PBXFileReference; lastKnownFileType = file.xib; path = RootViewController.xib; sourceTree = "<group>"; };
		2855F1E514C34C900063CC4F /* green-circle-empty.gif */ = {isa = PBXFileReference; lastKnownFileType = image.gif; path = "green-circle-empty.gif"; sourceTree = "<group>"; };
		2855F1E714C3513E0063CC4F /* green.png */ = {isa = PBXFileReference; lastKnownFileType = image.png; path = green.png; sourceTree = "<group>"; };
		2855F1E814C3513E0063CC4F /* orange.png */ = {isa = PBXFileReference; lastKnownFileType = image.png; path = orange.png; sourceTree = "<group>"; };
		2855F1E914C3513E0063CC4F /* red.png */ = {isa = PBXFileReference; lastKnownFileType = image.png; path = red.png; sourceTree = "<group>"; };
		2855F1EE14C353560063CC4F /* GameController.xib */ = {isa = PBXFileReference; lastKnownFileType = file.xib; path = GameController.xib; sourceTree = "<group>"; };
		285BEABB14C1F10E00DCF158 /* RootViewController.h */ = {isa = PBXFileReference; fileEncoding = 4; lastKnownFileType = sourcecode.c.h; path = RootViewController.h; sourceTree = "<group>"; };
		285BEABC14C1F10E00DCF158 /* RootViewController.m */ = {isa = PBXFileReference; fileEncoding = 4; lastKnownFileType = sourcecode.c.objc; path = RootViewController.m; sourceTree = "<group>"; };
		28EF388214B9391A00881B01 /* Ring.h */ = {isa = PBXFileReference; fileEncoding = 4; lastKnownFileType = sourcecode.c.h; path = Ring.h; sourceTree = "<group>"; };
		28EF388314B9391A00881B01 /* Ring.m */ = {isa = PBXFileReference; fileEncoding = 4; lastKnownFileType = sourcecode.c.objc; path = Ring.m; sourceTree = "<group>"; };
		28EF388614B9504C00881B01 /* config.h */ = {isa = PBXFileReference; fileEncoding = 4; lastKnownFileType = sourcecode.c.h; lineEnding = 0; path = config.h; sourceTree = "<group>"; xcLanguageSpecificationIdentifier = xcode.lang.objcpp; };
		92B7F57D157D4A9E0085F5AE /* LevelOptions.h */ = {isa = PBXFileReference; fileEncoding = 4; lastKnownFileType = sourcecode.c.h; path = LevelOptions.h; sourceTree = "<group>"; };
		92B7F57E157D4A9E0085F5AE /* LevelOptions.m */ = {isa = PBXFileReference; fileEncoding = 4; lastKnownFileType = sourcecode.c.objc; path = LevelOptions.m; sourceTree = "<group>"; };
		92BC7FA8157B78360087A0C5 /* GameKit.framework */ = {isa = PBXFileReference; lastKnownFileType = wrapper.framework; name = GameKit.framework; path = System/Library/Frameworks/GameKit.framework; sourceTree = SDKROOT; };
		92C4E0E6157BC673001E661E /* GameCenterManager.h */ = {isa = PBXFileReference; fileEncoding = 4; lastKnownFileType = sourcecode.c.h; path = GameCenterManager.h; sourceTree = "<group>"; };
		92C4E0E7157BC673001E661E /* GameCenterManager.m */ = {isa = PBXFileReference; fileEncoding = 4; lastKnownFileType = sourcecode.c.objc; path = GameCenterManager.m; sourceTree = "<group>"; };
		92C4E0E9157BCE5A001E661E /* AppSpecificValues.h */ = {isa = PBXFileReference; fileEncoding = 4; lastKnownFileType = sourcecode.c.h; name = AppSpecificValues.h; path = ../../../../Downloads/GKTapper/Classes/AppSpecificValues.h; sourceTree = "<group>"; };
		92C9813715399AC1007AD445 /* Pause-Green-Button-icon.png */ = {isa = PBXFileReference; lastKnownFileType = image.png; path = "Pause-Green-Button-icon.png"; sourceTree = "<group>"; };
		92C981391539CB32007AD445 /* Level.h */ = {isa = PBXFileReference; fileEncoding = 4; lastKnownFileType = sourcecode.c.h; path = Level.h; sourceTree = "<group>"; };
		92C9813A1539CB32007AD445 /* Level.m */ = {isa = PBXFileReference; fileEncoding = 4; lastKnownFileType = sourcecode.c.objc; lineEnding = 0; path = Level.m; sourceTree = "<group>"; xcLanguageSpecificationIdentifier = xcode.lang.objc; };
		92F0E738153976C300AE13BF /* Default-Landscape@2x~ipad.png */ = {isa = PBXFileReference; lastKnownFileType = image.png; path = "Default-Landscape@2x~ipad.png"; sourceTree = "<group>"; };
/* End PBXFileReference section */

/* Begin PBXFrameworksBuildPhase section */
		282FD37114B8E9BB002195D4 /* Frameworks */ = {
			isa = PBXFrameworksBuildPhase;
			buildActionMask = 2147483647;
			files = (
				92BC7FA9157B78360087A0C5 /* GameKit.framework in Frameworks */,
				282FD37914B8E9BB002195D4 /* UIKit.framework in Frameworks */,
				282FD37B14B8E9BB002195D4 /* Foundation.framework in Frameworks */,
				282FD37D14B8E9BB002195D4 /* CoreGraphics.framework in Frameworks */,
				282FD37F14B8E9BB002195D4 /* CoreData.framework in Frameworks */,
			);
			runOnlyForDeploymentPostprocessing = 0;
		};
/* End PBXFrameworksBuildPhase section */

/* Begin PBXGroup section */
		282FD36914B8E9BB002195D4 = {
			isa = PBXGroup;
			children = (
				92BC7FA8157B78360087A0C5 /* GameKit.framework */,
				92F0E738153976C300AE13BF /* Default-Landscape@2x~ipad.png */,
				284D568814C3263E00B76398 /* Ressources */,
				28EF388514B9503700881B01 /* Configs */,
				28EF387E14B9371E00881B01 /* Classes */,
				282FD3A814B8ECF6002195D4 /* Views */,
				282FD3A714B8ECD3002195D4 /* Controllers */,
				282FD3A614B8ECC1002195D4 /* Images */,
				282FD38014B8E9BB002195D4 /* Boule2 */,
				282FD37714B8E9BB002195D4 /* Frameworks */,
				282FD37514B8E9BB002195D4 /* Products */,
			);
			sourceTree = "<group>";
		};
		282FD37514B8E9BB002195D4 /* Products */ = {
			isa = PBXGroup;
			children = (
				282FD37414B8E9BB002195D4 /* Boule2.app */,
			);
			name = Products;
			sourceTree = "<group>";
		};
		282FD37714B8E9BB002195D4 /* Frameworks */ = {
			isa = PBXGroup;
			children = (
				282FD37814B8E9BB002195D4 /* UIKit.framework */,
				282FD37A14B8E9BB002195D4 /* Foundation.framework */,
				282FD37C14B8E9BB002195D4 /* CoreGraphics.framework */,
				282FD37E14B8E9BB002195D4 /* CoreData.framework */,
			);
			name = Frameworks;
			sourceTree = "<group>";
		};
		282FD38014B8E9BB002195D4 /* Boule2 */ = {
			isa = PBXGroup;
			children = (
				92C4E0E9157BCE5A001E661E /* AppSpecificValues.h */,
				92C4E0E6157BC673001E661E /* GameCenterManager.h */,
				92C4E0E7157BC673001E661E /* GameCenterManager.m */,
				282FD38914B8E9BB002195D4 /* AppDelegate.h */,
				282FD38A14B8E9BB002195D4 /* AppDelegate.m */,
				282FD38C14B8E9BB002195D4 /* Boule2.xcdatamodeld */,
				282FD38114B8E9BB002195D4 /* Supporting Files */,
			);
			path = Boule2;
			sourceTree = "<group>";
		};
		282FD38114B8E9BB002195D4 /* Supporting Files */ = {
			isa = PBXGroup;
			children = (
				282FD38214B8E9BB002195D4 /* Boule2-Info.plist */,
				282FD38314B8E9BB002195D4 /* InfoPlist.strings */,
				282FD38614B8E9BB002195D4 /* main.m */,
				282FD38814B8E9BB002195D4 /* Boule2-Prefix.pch */,
			);
			name = "Supporting Files";
			sourceTree = "<group>";
		};
		282FD3A614B8ECC1002195D4 /* Images */ = {
			isa = PBXGroup;
			children = (
				92C9813715399AC1007AD445 /* Pause-Green-Button-icon.png */,
				2855F1E714C3513E0063CC4F /* green.png */,
				2855F1E814C3513E0063CC4F /* orange.png */,
				2855F1E914C3513E0063CC4F /* red.png */,
				2855F1E514C34C900063CC4F /* green-circle-empty.gif */,
				284D568314C306C100B76398 /* Icons */,
				282FD3A414B8EC5E002195D4 /* Default.png */,
				282FD3A214B8EC5C002195D4 /* Default@2x.png */,
				2808545814B96208004128E1 /* Boule.png */,
				282FD3A014B8EC56002195D4 /* boule_logo.png */,
				282FD39E14B8EC4E002195D4 /* boule_logo@2x.png */,
			);
			name = Images;
			sourceTree = "<group>";
		};
		282FD3A714B8ECD3002195D4 /* Controllers */ = {
			isa = PBXGroup;
			children = (
				282FD39814B8E9F5002195D4 /* GameController.h */,
				282FD39914B8E9F5002195D4 /* GameController.m */,
				285BEABB14C1F10E00DCF158 /* RootViewController.h */,
				285BEABC14C1F10E00DCF158 /* RootViewController.m */,
				284D567814C20B5700B76398 /* NavigationController.h */,
				284D567914C20B5700B76398 /* NavigationController.m */,
			);
			name = Controllers;
			sourceTree = "<group>";
		};
		282FD3A814B8ECF6002195D4 /* Views */ = {
			isa = PBXGroup;
			children = (
				2855F1EE14C353560063CC4F /* GameController.xib */,
				2855F1DF14C33A790063CC4F /* RootViewController.xib */,
			);
			name = Views;
			sourceTree = "<group>";
		};
		284D568314C306C100B76398 /* Icons */ = {
			isa = PBXGroup;
			children = (
				284D568014C306BB00B76398 /* Restart.png */,
			);
			name = Icons;
			sourceTree = "<group>";
		};
		284D568814C3263E00B76398 /* Ressources */ = {
			isa = PBXGroup;
			children = (
				284D568E14C3288E00B76398 /* Localizable.strings */,
			);
			name = Ressources;
			sourceTree = "<group>";
		};
		28EF387E14B9371E00881B01 /* Classes */ = {
			isa = PBXGroup;
			children = (
				28EF388214B9391A00881B01 /* Ring.h */,
				28EF388314B9391A00881B01 /* Ring.m */,
				92C981391539CB32007AD445 /* Level.h */,
				92C9813A1539CB32007AD445 /* Level.m */,
				92B7F57D157D4A9E0085F5AE /* LevelOptions.h */,
				92B7F57E157D4A9E0085F5AE /* LevelOptions.m */,
			);
			name = Classes;
			sourceTree = "<group>";
		};
		28EF388514B9503700881B01 /* Configs */ = {
			isa = PBXGroup;
			children = (
				28EF388614B9504C00881B01 /* config.h */,
			);
			name = Configs;
			sourceTree = "<group>";
		};
/* End PBXGroup section */

/* Begin PBXNativeTarget section */
		282FD37314B8E9BB002195D4 /* Boule2 */ = {
			isa = PBXNativeTarget;
			buildConfigurationList = 282FD39114B8E9BB002195D4 /* Build configuration list for PBXNativeTarget "Boule2" */;
			buildPhases = (
				282FD37014B8E9BB002195D4 /* Sources */,
				282FD37114B8E9BB002195D4 /* Frameworks */,
				282FD37214B8E9BB002195D4 /* Resources */,
			);
			buildRules = (
			);
			dependencies = (
			);
			name = Boule2;
			productName = Boule2;
			productReference = 282FD37414B8E9BB002195D4 /* Boule2.app */;
			productType = "com.apple.product-type.application";
		};
/* End PBXNativeTarget section */

/* Begin PBXProject section */
		282FD36B14B8E9BB002195D4 /* Project object */ = {
			isa = PBXProject;
			attributes = {
				LastUpgradeCheck = 0420;
			};
			buildConfigurationList = 282FD36E14B8E9BB002195D4 /* Build configuration list for PBXProject "Boule2" */;
			compatibilityVersion = "Xcode 3.2";
			developmentRegion = English;
			hasScannedForEncodings = 0;
			knownRegions = (
				en,
				fr,
			);
			mainGroup = 282FD36914B8E9BB002195D4;
			productRefGroup = 282FD37514B8E9BB002195D4 /* Products */;
			projectDirPath = "";
			projectRoot = "";
			targets = (
				282FD37314B8E9BB002195D4 /* Boule2 */,
			);
		};
/* End PBXProject section */

/* Begin PBXResourcesBuildPhase section */
		282FD37214B8E9BB002195D4 /* Resources */ = {
			isa = PBXResourcesBuildPhase;
			buildActionMask = 2147483647;
			files = (
				282FD38514B8E9BB002195D4 /* InfoPlist.strings in Resources */,
				2855F1ED14C353560063CC4F /* GameController.xib in Resources */,
				282FD39F14B8EC4E002195D4 /* boule_logo@2x.png in Resources */,
				282FD3A114B8EC56002195D4 /* boule_logo.png in Resources */,
				282FD3A314B8EC5C002195D4 /* Default@2x.png in Resources */,
				282FD3A514B8EC5E002195D4 /* Default.png in Resources */,
				2808545914B96208004128E1 /* Boule.png in Resources */,
				2855F1DE14C33A790063CC4F /* RootViewController.xib in Resources */,
				284D568114C306BB00B76398 /* Restart.png in Resources */,
				284D568C14C3288E00B76398 /* Localizable.strings in Resources */,
				2855F1E614C34C900063CC4F /* green-circle-empty.gif in Resources */,
				2855F1EA14C3513E0063CC4F /* green.png in Resources */,
				2855F1EB14C3513E0063CC4F /* orange.png in Resources */,
				2855F1EC14C3513E0063CC4F /* red.png in Resources */,
				92F0E739153976C300AE13BF /* Default-Landscape@2x~ipad.png in Resources */,
				92C9813815399AC1007AD445 /* Pause-Green-Button-icon.png in Resources */,
			);
			runOnlyForDeploymentPostprocessing = 0;
		};
/* End PBXResourcesBuildPhase section */

/* Begin PBXSourcesBuildPhase section */
		282FD37014B8E9BB002195D4 /* Sources */ = {
			isa = PBXSourcesBuildPhase;
			buildActionMask = 2147483647;
			files = (
				282FD38714B8E9BB002195D4 /* main.m in Sources */,
				282FD38B14B8E9BB002195D4 /* AppDelegate.m in Sources */,
				282FD38E14B8E9BB002195D4 /* Boule2.xcdatamodeld in Sources */,
				282FD39B14B8E9F5002195D4 /* GameController.m in Sources */,
				28EF388414B9391A00881B01 /* Ring.m in Sources */,
				285BEABD14C1F10E00DCF158 /* RootViewController.m in Sources */,
				284D567A14C20B5700B76398 /* NavigationController.m in Sources */,
				92C9813B1539CB32007AD445 /* Level.m in Sources */,
				92C4E0E8157BC673001E661E /* GameCenterManager.m in Sources */,
				92B7F57F157D4A9E0085F5AE /* LevelOptions.m in Sources */,
			);
			runOnlyForDeploymentPostprocessing = 0;
		};
/* End PBXSourcesBuildPhase section */

/* Begin PBXVariantGroup section */
		282FD38314B8E9BB002195D4 /* InfoPlist.strings */ = {
			isa = PBXVariantGroup;
			children = (
				282FD38414B8E9BB002195D4 /* en */,
			);
			name = InfoPlist.strings;
			sourceTree = "<group>";
		};
		284D568E14C3288E00B76398 /* Localizable.strings */ = {
			isa = PBXVariantGroup;
			children = (
				284D568D14C3288E00B76398 /* en */,
				284D568F14C3290600B76398 /* fr */,
			);
			name = Localizable.strings;
			sourceTree = "<group>";
		};
/* End PBXVariantGroup section */

/* Begin XCBuildConfiguration section */
		282FD38F14B8E9BB002195D4 /* Debug */ = {
			isa = XCBuildConfiguration;
			buildSettings = {
				ALWAYS_SEARCH_USER_PATHS = NO;
				ARCHS = "$(ARCHS_STANDARD_32_BIT)";
				CLANG_ENABLE_OBJC_ARC = NO;
				"CODE_SIGN_IDENTITY[sdk=iphoneos*]" = "iPhone Developer";
				COPY_PHASE_STRIP = NO;
				GCC_C_LANGUAGE_STANDARD = gnu99;
				GCC_DYNAMIC_NO_PIC = NO;
				GCC_OPTIMIZATION_LEVEL = 0;
				GCC_PREPROCESSOR_DEFINITIONS = (
					"DEBUG=1",
					"$(inherited)",
				);
				GCC_SYMBOLS_PRIVATE_EXTERN = NO;
				GCC_VERSION = com.apple.compilers.llvm.clang.1_0;
				GCC_WARN_ABOUT_MISSING_PROTOTYPES = YES;
				GCC_WARN_ABOUT_RETURN_TYPE = YES;
				GCC_WARN_UNUSED_VARIABLE = YES;
				IPHONEOS_DEPLOYMENT_TARGET = 5.0;
				SDKROOT = iphoneos;
				TARGETED_DEVICE_FAMILY = "1,2";
			};
			name = Debug;
		};
		282FD39014B8E9BB002195D4 /* Release */ = {
			isa = XCBuildConfiguration;
			buildSettings = {
				ALWAYS_SEARCH_USER_PATHS = NO;
				ARCHS = "$(ARCHS_STANDARD_32_BIT)";
				CLANG_ENABLE_OBJC_ARC = NO;
				"CODE_SIGN_IDENTITY[sdk=iphoneos*]" = "iPhone Developer";
				COPY_PHASE_STRIP = YES;
				GCC_C_LANGUAGE_STANDARD = gnu99;
				GCC_VERSION = com.apple.compilers.llvm.clang.1_0;
				GCC_WARN_ABOUT_MISSING_PROTOTYPES = YES;
				GCC_WARN_ABOUT_RETURN_TYPE = YES;
				GCC_WARN_UNUSED_VARIABLE = YES;
				IPHONEOS_DEPLOYMENT_TARGET = 5.0;
				OTHER_CFLAGS = "-DNS_BLOCK_ASSERTIONS=1";
				SDKROOT = iphoneos;
				TARGETED_DEVICE_FAMILY = "1,2";
				VALIDATE_PRODUCT = YES;
			};
			name = Release;
		};
		282FD39214B8E9BB002195D4 /* Debug */ = {
			isa = XCBuildConfiguration;
			buildSettings = {
				GCC_PRECOMPILE_PREFIX_HEADER = YES;
				GCC_PREFIX_HEADER = "Boule2/Boule2-Prefix.pch";
				INFOPLIST_FILE = "Boule2/Boule2-Info.plist";
				PRODUCT_NAME = "$(TARGET_NAME)";
				TARGETED_DEVICE_FAMILY = 1;
				WRAPPER_EXTENSION = app;
			};
			name = Debug;
		};
		282FD39314B8E9BB002195D4 /* Release */ = {
			isa = XCBuildConfiguration;
			buildSettings = {
				GCC_PRECOMPILE_PREFIX_HEADER = YES;
				GCC_PREFIX_HEADER = "Boule2/Boule2-Prefix.pch";
				INFOPLIST_FILE = "Boule2/Boule2-Info.plist";
				PRODUCT_NAME = "$(TARGET_NAME)";
				TARGETED_DEVICE_FAMILY = 1;
				WRAPPER_EXTENSION = app;
			};
			name = Release;
		};
/* End XCBuildConfiguration section */

/* Begin XCConfigurationList section */
		282FD36E14B8E9BB002195D4 /* Build configuration list for PBXProject "Boule2" */ = {
			isa = XCConfigurationList;
			buildConfigurations = (
				282FD38F14B8E9BB002195D4 /* Debug */,
				282FD39014B8E9BB002195D4 /* Release */,
			);
			defaultConfigurationIsVisible = 0;
			defaultConfigurationName = Release;
		};
		282FD39114B8E9BB002195D4 /* Build configuration list for PBXNativeTarget "Boule2" */ = {
			isa = XCConfigurationList;
			buildConfigurations = (
				282FD39214B8E9BB002195D4 /* Debug */,
				282FD39314B8E9BB002195D4 /* Release */,
			);
			defaultConfigurationIsVisible = 0;
			defaultConfigurationName = Release;
		};
/* End XCConfigurationList section */

/* Begin XCVersionGroup section */
		282FD38C14B8E9BB002195D4 /* Boule2.xcdatamodeld */ = {
			isa = XCVersionGroup;
			children = (
				282FD38D14B8E9BB002195D4 /* Boule2.xcdatamodel */,
			);
			currentVersion = 282FD38D14B8E9BB002195D4 /* Boule2.xcdatamodel */;
			path = Boule2.xcdatamodeld;
			sourceTree = "<group>";
			versionGroupType = wrapper.xcdatamodel;
		};
/* End XCVersionGroup section */
	};
	rootObject = 282FD36B14B8E9BB002195D4 /* Project object */;
}
